
Microsoft Visual Studio Solution File, Format Version 12.00
# Visual Studio 14
VisualStudioVersion = 14.0.25420.1
MinimumVisualStudioVersion = 10.0.40219.1
Project("{FAE04EC0-301F-11D3-BF4B-00C04F79EFBC}") = "Drunkcod.Safenet", "Drunkcod.Safenet\Drunkcod.Safenet.csproj", "{D59D27FA-6834-4C8F-933E-B9BF447CB22A}"
EndProject
Project("{FAE04EC0-301F-11D3-BF4B-00C04F79EFBC}") = "Drunkcod.Safenet.Specs", "Drunkcod.Safenet.Specs\Drunkcod.Safenet.Specs.csproj", "{B62E61FE-45A8-46D4-B738-950F7195F3AD}"
EndProject
Project("{FAE04EC0-301F-11D3-BF4B-00C04F79EFBC}") = "Drunkcod.Safenet.Simulator", "Drunkcod.Safenet.Simulator\Drunkcod.Safenet.Simulator.csproj", "{7538D2C8-303E-4497-A6EA-1CA2A07B4F7D}"
EndProject
Global
	GlobalSection(SolutionConfigurationPlatforms) = preSolution
		Debug|Any CPU = Debug|Any CPU
		Release|Any CPU = Release|Any CPU
	EndGlobalSection
	GlobalSection(ProjectConfigurationPlatforms) = postSolution
		{D59D27FA-6834-4C8F-933E-B9BF447CB22A}.Debug|Any CPU.ActiveCfg = Debug|Any CPU
		{D59D27FA-6834-4C8F-933E-B9BF447CB22A}.Debug|Any CPU.Build.0 = Debug|Any CPU
		{D59D27FA-6834-4C8F-933E-B9BF447CB22A}.Release|Any CPU.ActiveCfg = Release|Any CPU
		{D59D27FA-6834-4C8F-933E-B9BF447CB22A}.Release|Any CPU.Build.0 = Release|Any CPU
		{B62E61FE-45A8-46D4-B738-950F7195F3AD}.Debug|Any CPU.ActiveCfg = Debug|Any CPU
		{B62E61FE-45A8-46D4-B738-950F7195F3AD}.Debug|Any CPU.Build.0 = Debug|Any CPU
		{B62E61FE-45A8-46D4-B738-950F7195F3AD}.Release|Any CPU.ActiveCfg = Release|Any CPU
		{B62E61FE-45A8-46D4-B738-950F7195F3AD}.Release|Any CPU.Build.0 = Release|Any CPU
		{7538D2C8-303E-4497-A6EA-1CA2A07B4F7D}.Debug|Any CPU.ActiveCfg = Debug|Any CPU
		{7538D2C8-303E-4497-A6EA-1CA2A07B4F7D}.Debug|Any CPU.Build.0 = Debug|Any CPU
		{7538D2C8-303E-4497-A6EA-1CA2A07B4F7D}.Release|Any CPU.ActiveCfg = Release|Any CPU
		{7538D2C8-303E-4497-A6EA-1CA2A07B4F7D}.Release|Any CPU.Build.0 = Release|Any CPU
	EndGlobalSection
	GlobalSection(SolutionProperties) = preSolution
		HideSolutionNode = FALSE
	EndGlobalSection
EndGlobal
